
Microsoft Visual Studio Solution File, Format Version 12.00
# Visual Studio Version 17
VisualStudioVersion = 17.8.34330.188
MinimumVisualStudioVersion = 10.0.40219.1
Project("{2150E333-8FDC-42A3-9474-1A3956D46DE8}") = "src", "src", "{7C0818FB-BFCB-4DFF-9FF1-B5EE8902765F}"
EndProject
Project("{2150E333-8FDC-42A3-9474-1A3956D46DE8}") = "tests", "tests", "{96D80793-05EB-411F-8610-32446C30A7B9}"
EndProject
Project("{2150E333-8FDC-42A3-9474-1A3956D46DE8}") = "Core", "Core", "{ADD775A6-7F58-4A05-A67E-8C0776534D77}"
EndProject
Project("{2150E333-8FDC-42A3-9474-1A3956D46DE8}") = "Infrastructure", "Infrastructure", "{5ABCD0CF-4E12-461F-9EC0-EA9640403ED1}"
EndProject
Project("{2150E333-8FDC-42A3-9474-1A3956D46DE8}") = "Shared", "Shared", "{8B83548F-7EB5-4A07-8EB6-07C145D99EEF}"
EndProject
Project("{2150E333-8FDC-42A3-9474-1A3956D46DE8}") = "Web", "Web", "{353A542A-58A1-4821-A31C-0E2174AACB22}"
EndProject
Project("{2150E333-8FDC-42A3-9474-1A3956D46DE8}") = "API", "API", "{D7B60425-871E-4D6F-871E-1D2AD0BD90F1}"
EndProject
Project("{9A19103F-16F7-4668-BE54-9A1E7A4F7556}") = "Application", "Application\Application.csproj", "{3722F068-DF33-4320-BC7C-0312683952A3}"
EndProject
Project("{9A19103F-16F7-4668-BE54-9A1E7A4F7556}") = "Domain", "Domain\Domain.csproj", "{24D81F8D-E88B-4944-9537-73FADF1287BA}"
EndProject
Project("{9A19103F-16F7-4668-BE54-9A1E7A4F7556}") = "Infrastructure", "Infrastructure\Infrastructure.csproj", "{F21C59F2-BEA4-46EE-A161-4069995CCF39}"
EndProject
Project("{9A19103F-16F7-4668-BE54-9A1E7A4F7556}") = "Shared", "Shared\Shared.csproj", "{D0982D8F-0BAA-4099-9421-741A2379EF6D}"
EndProject
Project("{9A19103F-16F7-4668-BE54-9A1E7A4F7556}") = "Architecture.Tests", "Architecture.Tests\Architecture.Tests.csproj", "{238FFF0C-A42D-4EA9-80C5-9A831395A365}"
EndProject
Project("{9A19103F-16F7-4668-BE54-9A1E7A4F7556}") = "CCFCleanAPITemplate", "CCFCleanAPITemplate\CCFCleanAPITemplate.csproj", "{8A47EE4C-A240-47E5-B576-D7CA5606B682}"
EndProject
Project("{9A19103F-16F7-4668-BE54-9A1E7A4F7556}") = "CCFCleanMinimalApiLib", "..\..\dotnetcore-ccf-clean-minimal-api-library\src\CCFCleanMinimalApiLib\CCFCleanMinimalApiLib.csproj", "{3D55B001-7EA6-4C7C-A735-D3E1B90FB191}"
EndProject
Global
	GlobalSection(SolutionConfigurationPlatforms) = preSolution
		Debug|Any CPU = Debug|Any CPU
		Release|Any CPU = Release|Any CPU
	EndGlobalSection
	GlobalSection(ProjectConfigurationPlatforms) = postSolution
		{3722F068-DF33-4320-BC7C-0312683952A3}.Debug|Any CPU.ActiveCfg = Debug|Any CPU
		{3722F068-DF33-4320-BC7C-0312683952A3}.Debug|Any CPU.Build.0 = Debug|Any CPU
		{3722F068-DF33-4320-BC7C-0312683952A3}.Release|Any CPU.ActiveCfg = Release|Any CPU
		{3722F068-DF33-4320-BC7C-0312683952A3}.Release|Any CPU.Build.0 = Release|Any CPU
		{24D81F8D-E88B-4944-9537-73FADF1287BA}.Debug|Any CPU.ActiveCfg = Debug|Any CPU
		{24D81F8D-E88B-4944-9537-73FADF1287BA}.Debug|Any CPU.Build.0 = Debug|Any CPU
		{24D81F8D-E88B-4944-9537-73FADF1287BA}.Release|Any CPU.ActiveCfg = Release|Any CPU
		{24D81F8D-E88B-4944-9537-73FADF1287BA}.Release|Any CPU.Build.0 = Release|Any CPU
		{F21C59F2-BEA4-46EE-A161-4069995CCF39}.Debug|Any CPU.ActiveCfg = Debug|Any CPU
		{F21C59F2-BEA4-46EE-A161-4069995CCF39}.Debug|Any CPU.Build.0 = Debug|Any CPU
		{F21C59F2-BEA4-46EE-A161-4069995CCF39}.Release|Any CPU.ActiveCfg = Release|Any CPU
		{F21C59F2-BEA4-46EE-A161-4069995CCF39}.Release|Any CPU.Build.0 = Release|Any CPU
		{D0982D8F-0BAA-4099-9421-741A2379EF6D}.Debug|Any CPU.ActiveCfg = Debug|Any CPU
		{D0982D8F-0BAA-4099-9421-741A2379EF6D}.Debug|Any CPU.Build.0 = Debug|Any CPU
		{D0982D8F-0BAA-4099-9421-741A2379EF6D}.Release|Any CPU.ActiveCfg = Release|Any CPU
		{D0982D8F-0BAA-4099-9421-741A2379EF6D}.Release|Any CPU.Build.0 = Release|Any CPU
		{238FFF0C-A42D-4EA9-80C5-9A831395A365}.Debug|Any CPU.ActiveCfg = Debug|Any CPU
		{238FFF0C-A42D-4EA9-80C5-9A831395A365}.Debug|Any CPU.Build.0 = Debug|Any CPU
		{238FFF0C-A42D-4EA9-80C5-9A831395A365}.Release|Any CPU.ActiveCfg = Release|Any CPU
		{238FFF0C-A42D-4EA9-80C5-9A831395A365}.Release|Any CPU.Build.0 = Release|Any CPU
		{8A47EE4C-A240-47E5-B576-D7CA5606B682}.Debug|Any CPU.ActiveCfg = Debug|Any CPU
		{8A47EE4C-A240-47E5-B576-D7CA5606B682}.Debug|Any CPU.Build.0 = Debug|Any CPU
		{8A47EE4C-A240-47E5-B576-D7CA5606B682}.Release|Any CPU.ActiveCfg = Release|Any CPU
		{8A47EE4C-A240-47E5-B576-D7CA5606B682}.Release|Any CPU.Build.0 = Release|Any CPU
		{3D55B001-7EA6-4C7C-A735-D3E1B90FB191}.Debug|Any CPU.ActiveCfg = Debug|Any CPU
		{3D55B001-7EA6-4C7C-A735-D3E1B90FB191}.Debug|Any CPU.Build.0 = Debug|Any CPU
		{3D55B001-7EA6-4C7C-A735-D3E1B90FB191}.Release|Any CPU.ActiveCfg = Release|Any CPU
		{3D55B001-7EA6-4C7C-A735-D3E1B90FB191}.Release|Any CPU.Build.0 = Release|Any CPU
	EndGlobalSection
	GlobalSection(SolutionProperties) = preSolution
		HideSolutionNode = FALSE
	EndGlobalSection
	GlobalSection(NestedProjects) = preSolution
		{ADD775A6-7F58-4A05-A67E-8C0776534D77} = {7C0818FB-BFCB-4DFF-9FF1-B5EE8902765F}
		{5ABCD0CF-4E12-461F-9EC0-EA9640403ED1} = {7C0818FB-BFCB-4DFF-9FF1-B5EE8902765F}
		{8B83548F-7EB5-4A07-8EB6-07C145D99EEF} = {7C0818FB-BFCB-4DFF-9FF1-B5EE8902765F}
		{353A542A-58A1-4821-A31C-0E2174AACB22} = {7C0818FB-BFCB-4DFF-9FF1-B5EE8902765F}
		{D7B60425-871E-4D6F-871E-1D2AD0BD90F1} = {353A542A-58A1-4821-A31C-0E2174AACB22}
		{3722F068-DF33-4320-BC7C-0312683952A3} = {ADD775A6-7F58-4A05-A67E-8C0776534D77}
		{24D81F8D-E88B-4944-9537-73FADF1287BA} = {ADD775A6-7F58-4A05-A67E-8C0776534D77}
		{F21C59F2-BEA4-46EE-A161-4069995CCF39} = {5ABCD0CF-4E12-461F-9EC0-EA9640403ED1}
		{D0982D8F-0BAA-4099-9421-741A2379EF6D} = {8B83548F-7EB5-4A07-8EB6-07C145D99EEF}
		{238FFF0C-A42D-4EA9-80C5-9A831395A365} = {96D80793-05EB-411F-8610-32446C30A7B9}
		{8A47EE4C-A240-47E5-B576-D7CA5606B682} = {D7B60425-871E-4D6F-871E-1D2AD0BD90F1}
		{3D55B001-7EA6-4C7C-A735-D3E1B90FB191} = {D7B60425-871E-4D6F-871E-1D2AD0BD90F1}
	EndGlobalSection
	GlobalSection(ExtensibilityGlobals) = postSolution
		SolutionGuid = {648EF0B2-DA18-47C0-85E0-B7E98756051A}
	EndGlobalSection
EndGlobal
